// !$*UTF8*$!
{
	archiveVersion = 1;
	classes = {
	};
	objectVersion = 46;
	objects = {

/* Begin PBXBuildFile section */
		DD0D6EAC1E7B0BBD0044C71C /* AppDelegate.swift in Sources */ = {isa = PBXBuildFile; fileRef = DD0D6EAB1E7B0BBD0044C71C /* AppDelegate.swift */; };
		DD0D6EAE1E7B0BBD0044C71C /* ViewController.swift in Sources */ = {isa = PBXBuildFile; fileRef = DD0D6EAD1E7B0BBD0044C71C /* ViewController.swift */; };
		DD0D6EB11E7B0BBD0044C71C /* Main.storyboard in Resources */ = {isa = PBXBuildFile; fileRef = DD0D6EAF1E7B0BBD0044C71C /* Main.storyboard */; };
		DD0D6EB31E7B0BBD0044C71C /* Assets.xcassets in Resources */ = {isa = PBXBuildFile; fileRef = DD0D6EB21E7B0BBD0044C71C /* Assets.xcassets */; };
		DD0D6EB61E7B0BBD0044C71C /* LaunchScreen.storyboard in Resources */ = {isa = PBXBuildFile; fileRef = DD0D6EB41E7B0BBD0044C71C /* LaunchScreen.storyboard */; };
/* End PBXBuildFile section */

/* Begin PBXFileReference section */
		DD0D6EA81E7B0BBD0044C71C /* Kogi Mobile.app */ = {isa = PBXFileReference; explicitFileType = wrapper.application; includeInIndex = 0; path = "Kogi Mobile.app"; sourceTree = BUILT_PRODUCTS_DIR; };
		DD0D6EAB1E7B0BBD0044C71C /* AppDelegate.swift */ = {isa = PBXFileReference; lastKnownFileType = sourcecode.swift; path = AppDelegate.swift; sourceTree = "<group>"; };
		DD0D6EAD1E7B0BBD0044C71C /* ViewController.swift */ = {isa = PBXFileReference; lastKnownFileType = sourcecode.swift; path = ViewController.swift; sourceTree = "<group>"; };
		DD0D6EB01E7B0BBD0044C71C /* Base */ = {isa = PBXFileReference; lastKnownFileType = file.storyboard; name = Base; path = Base.lproj/Main.storyboard; sourceTree = "<group>"; };
		DD0D6EB21E7B0BBD0044C71C /* Assets.xcassets */ = {isa = PBXFileReference; lastKnownFileType = folder.assetcatalog; path = Assets.xcassets; sourceTree = "<group>"; };
		DD0D6EB51E7B0BBD0044C71C /* Base */ = {isa = PBXFileReference; lastKnownFileType = file.storyboard; name = Base; path = Base.lproj/LaunchScreen.storyboard; sourceTree = "<group>"; };
		DD0D6EB71E7B0BBD0044C71C /* Info.plist */ = {isa = PBXFileReference; lastKnownFileType = text.plist.xml; path = Info.plist; sourceTree = "<group>"; };
/* End PBXFileReference section */

/* Begin PBXFrameworksBuildPhase section */
		DD0D6EA51E7B0BBC0044C71C /* Frameworks */ = {
			isa = PBXFrameworksBuildPhase;
			buildActionMask = 2147483647;
			files = (
			);
			runOnlyForDeploymentPostprocessing = 0;
		};
/* End PBXFrameworksBuildPhase section */

/* Begin PBXGroup section */
		DD0D6E9F1E7B0BBC0044C71C = {
			isa = PBXGroup;
			children = (
				DD0D6EAA1E7B0BBD0044C71C /* Kogi Mobile */,
				DD0D6EA91E7B0BBD0044C71C /* Products */,
			);
			sourceTree = "<group>";
		};
		DD0D6EA91E7B0BBD0044C71C /* Products */ = {
			isa = PBXGroup;
			children = (
				DD0D6EA81E7B0BBD0044C71C /* Kogi Mobile.app */,
			);
			name = Products;
			sourceTree = "<group>";
		};
		DD0D6EAA1E7B0BBD0044C71C /* Kogi Mobile */ = {
			isa = PBXGroup;
			children = (
				DD0D6EAB1E7B0BBD0044C71C /* AppDelegate.swift */,
				DD0D6EAD1E7B0BBD0044C71C /* ViewController.swift */,
				DD0D6EAF1E7B0BBD0044C71C /* Main.storyboard */,
				DD0D6EB21E7B0BBD0044C71C /* Assets.xcassets */,
				DD0D6EB41E7B0BBD0044C71C /* LaunchScreen.storyboard */,
				DD0D6EB71E7B0BBD0044C71C /* Info.plist */,
			);
			path = "Kogi Mobile";
			sourceTree = "<group>";
		};
/* End PBXGroup section */

/* Begin PBXNativeTarget section */
		DD0D6EA71E7B0BBC0044C71C /* Kogi Mobile */ = {
			isa = PBXNativeTarget;
			buildConfigurationList = DD0D6EBA1E7B0BBD0044C71C /* Build configuration list for PBXNativeTarget "Kogi Mobile" */;
			buildPhases = (
				DD0D6EA41E7B0BBC0044C71C /* Sources */,
				DD0D6EA51E7B0BBC0044C71C /* Frameworks */,
				DD0D6EA61E7B0BBC0044C71C /* Resources */,
			);
			buildRules = (
			);
			dependencies = (
			);
			name = "Kogi Mobile";
			productName = "Kogi Mobile";
			productReference = DD0D6EA81E7B0BBD0044C71C /* Kogi Mobile.app */;
			productType = "com.apple.product-type.application";
		};
/* End PBXNativeTarget section */

/* Begin PBXProject section */
		DD0D6EA01E7B0BBC0044C71C /* Project object */ = {
			isa = PBXProject;
			attributes = {
				LastSwiftUpdateCheck = 0820;
				LastUpgradeCheck = 0820;
				ORGANIZATIONNAME = "Miguel Roncallo";
				TargetAttributes = {
					DD0D6EA71E7B0BBC0044C71C = {
						CreatedOnToolsVersion = 8.2.1;
						ProvisioningStyle = Automatic;
					};
				};
			};
			buildConfigurationList = DD0D6EA31E7B0BBC0044C71C /* Build configuration list for PBXProject "Kogi Mobile" */;
			compatibilityVersion = "Xcode 3.2";
			developmentRegion = English;
			hasScannedForEncodings = 0;
			knownRegions = (
				en,
				Base,
			);
			mainGroup = DD0D6E9F1E7B0BBC0044C71C;
			productRefGroup = DD0D6EA91E7B0BBD0044C71C /* Products */;
			projectDirPath = "";
			projectRoot = "";
			targets = (
				DD0D6EA71E7B0BBC0044C71C /* Kogi Mobile */,
			);
		};
/* End PBXProject section */

/* Begin PBXResourcesBuildPhase section */
		DD0D6EA61E7B0BBC0044C71C /* Resources */ = {
			isa = PBXResourcesBuildPhase;
			buildActionMask = 2147483647;
			files = (
				DD0D6EB61E7B0BBD0044C71C /* LaunchScreen.storyboard in Resources */,
				DD0D6EB31E7B0BBD0044C71C /* Assets.xcassets in Resources */,
				DD0D6EB11E7B0BBD0044C71C /* Main.storyboard in Resources */,
			);
			runOnlyForDeploymentPostprocessing = 0;
		};
/* End PBXResourcesBuildPhase section */

/* Begin PBXSourcesBuildPhase section */
		DD0D6EA41E7B0BBC0044C71C /* Sources */ = {
			isa = PBXSourcesBuildPhase;
			buildActionMask = 2147483647;
			files = (
				DD0D6EAE1E7B0BBD0044C71C /* ViewController.swift in Sources */,
				DD0D6EAC1E7B0BBD0044C71C /* AppDelegate.swift in Sources */,
			);
			runOnlyForDeploymentPostprocessing = 0;
		};
/* End PBXSourcesBuildPhase section */

/* Begin PBXVariantGroup section */
		DD0D6EAF1E7B0BBD0044C71C /* Main.storyboard */ = {
			isa = PBXVariantGroup;
			children = (
				DD0D6EB01E7B0BBD0044C71C /* Base */,
			);
			name = Main.storyboard;
			sourceTree = "<group>";
		};
		DD0D6EB41E7B0BBD0044C71C /* LaunchScreen.storyboard */ = {
			isa = PBXVariantGroup;
			children = (
				DD0D6EB51E7B0BBD0044C71C /* Base */,
			);
			name = LaunchScreen.storyboard;
			sourceTree = "<group>";
		};
/* End PBXVariantGroup section */

/* Begin XCBuildConfiguration section */
		DD0D6EB81E7B0BBD0044C71C /* Debug */ = {
			isa = XCBuildConfiguration;
			buildSettings = {
				ALWAYS_SEARCH_USER_PATHS = NO;
				CLANG_ANALYZER_NONNULL = YES;
				CLANG_CXX_LANGUAGE_STANDARD = "gnu++0x";
				CLANG_CXX_LIBRARY = "libc++";
				CLANG_ENABLE_MODULES = YES;
				CLANG_ENABLE_OBJC_ARC = YES;
				CLANG_WARN_BOOL_CONVERSION = YES;
				CLANG_WARN_CONSTANT_CONVERSION = YES;
				CLANG_WARN_DIRECT_OBJC_ISA_USAGE = YES_ERROR;
				CLANG_WARN_DOCUMENTATION_COMMENTS = YES;
				CLANG_WARN_EMPTY_BODY = YES;
				CLANG_WARN_ENUM_CONVERSION = YES;
				CLANG_WARN_INFINITE_RECURSION = YES;
				CLANG_WARN_INT_CONVERSION = YES;
				CLANG_WARN_OBJC_ROOT_CLASS = YES_ERROR;
				CLANG_WARN_SUSPICIOUS_MOVE = YES;
				CLANG_WARN_UNREACHABLE_CODE = YES;
				CLANG_WARN__DUPLICATE_METHOD_MATCH = YES;
				"CODE_SIGN_IDENTITY[sdk=iphoneos*]" = "iPhone Developer";
				COPY_PHASE_STRIP = NO;
				DEBUG_INFORMATION_FORMAT = dwarf;
				ENABLE_STRICT_OBJC_MSGSEND = YES;
				ENABLE_TESTABILITY = YES;
				GCC_C_LANGUAGE_STANDARD = gnu99;
				GCC_DYNAMIC_NO_PIC = NO;
				GCC_NO_COMMON_BLOCKS = YES;
				GCC_OPTIMIZATION_LEVEL = 0;
				GCC_PREPROCESSOR_DEFINITIONS = (
					"DEBUG=1",
					"$(inherited)",
				);
				GCC_WARN_64_TO_32_BIT_CONVERSION = YES;
				GCC_WARN_ABOUT_RETURN_TYPE = YES_ERROR;
				GCC_WARN_UNDECLARED_SELECTOR = YES;
				GCC_WARN_UNINITIALIZED_AUTOS = YES_AGGRESSIVE;
				GCC_WARN_UNUSED_FUNCTION = YES;
				GCC_WARN_UNUSED_VARIABLE = YES;
				IPHONEOS_DEPLOYMENT_TARGET = 10.2;
				MTL_ENABLE_DEBUG_INFO = YES;
				ONLY_ACTIVE_ARCH = YES;
				SDKROOT = iphoneos;
				SWIFT_ACTIVE_COMPILATION_CONDITIONS = DEBUG;
				SWIFT_OPTIMIZATION_LEVEL = "-Onone";
			};
			name = Debug;
		};
		DD0D6EB91E7B0BBD0044C71C /* Release */ = {
			isa = XCBuildConfiguration;
			buildSettings = {
				ALWAYS_SEARCH_USER_PATHS = NO;
				CLANG_ANALYZER_NONNULL = YES;
				CLANG_CXX_LANGUAGE_STANDARD = "gnu++0x";
				CLANG_CXX_LIBRARY = "libc++";
				CLANG_ENABLE_MODULES = YES;
				CLANG_ENABLE_OBJC_ARC = YES;
				CLANG_WARN_BOOL_CONVERSION = YES;
				CLANG_WARN_CONSTANT_CONVERSION = YES;
				CLANG_WARN_DIRECT_OBJC_ISA_USAGE = YES_ERROR;
				CLANG_WARN_DOCUMENTATION_COMMENTS = YES;
				CLANG_WARN_EMPTY_BODY = YES;
				CLANG_WARN_ENUM_CONVERSION = YES;
				CLANG_WARN_INFINITE_RECURSION = YES;
				CLANG_WARN_INT_CONVERSION = YES;
				CLANG_WARN_OBJC_ROOT_CLASS = YES_ERROR;
				CLANG_WARN_SUSPICIOUS_MOVE = YES;
				CLANG_WARN_UNREACHABLE_CODE = YES;
				CLANG_WARN__DUPLICATE_METHOD_MATCH = YES;
				"CODE_SIGN_IDENTITY[sdk=iphoneos*]" = "iPhone Developer";
				COPY_PHASE_STRIP = NO;
				DEBUG_INFORMATION_FORMAT = "dwarf-with-dsym";
				ENABLE_NS_ASSERTIONS = NO;
				ENABLE_STRICT_OBJC_MSGSEND = YES;
				GCC_C_LANGUAGE_STANDARD = gnu99;
				GCC_NO_COMMON_BLOCKS = YES;
				GCC_WARN_64_TO_32_BIT_CONVERSION = YES;
				GCC_WARN_ABOUT_RETURN_TYPE = YES_ERROR;
				GCC_WARN_UNDECLARED_SELECTOR = YES;
				GCC_WARN_UNINITIALIZED_AUTOS = YES_AGGRESSIVE;
				GCC_WARN_UNUSED_FUNCTION = YES;
				GCC_WARN_UNUSED_VARIABLE = YES;
				IPHONEOS_DEPLOYMENT_TARGET = 10.2;
				MTL_ENABLE_DEBUG_INFO = NO;
				SDKROOT = iphoneos;
				SWIFT_OPTIMIZATION_LEVEL = "-Owholemodule";
				VALIDATE_PRODUCT = YES;
			};
			name = Release;
		};
		DD0D6EBB1E7B0BBD0044C71C /* Debug */ = {
			isa = XCBuildConfiguration;
			buildSettings = {
				ASSETCATALOG_COMPILER_APPICON_NAME = AppIcon;
				INFOPLIST_FILE = "Kogi Mobile/Info.plist";
				LD_RUNPATH_SEARCH_PATHS = "$(inherited) @executable_path/Frameworks";
				PRODUCT_BUNDLE_IDENTIFIER = "com.test.Kogi-Mobile";
				PRODUCT_NAME = "$(TARGET_NAME)";
				SWIFT_VERSION = 3.0;
			};
			name = Debug;
		};
		DD0D6EBC1E7B0BBD0044C71C /* Release */ = {
			isa = XCBuildConfiguration;
			buildSettings = {
				ASSETCATALOG_COMPILER_APPICON_NAME = AppIcon;
				INFOPLIST_FILE = "Kogi Mobile/Info.plist";
				LD_RUNPATH_SEARCH_PATHS = "$(inherited) @executable_path/Frameworks";
				PRODUCT_BUNDLE_IDENTIFIER = "com.test.Kogi-Mobile";
				PRODUCT_NAME = "$(TARGET_NAME)";
				SWIFT_VERSION = 3.0;
			};
			name = Release;
		};
/* End XCBuildConfiguration section */

/* Begin XCConfigurationList section */
		DD0D6EA31E7B0BBC0044C71C /* Build configuration list for PBXProject "Kogi Mobile" */ = {
			isa = XCConfigurationList;
			buildConfigurations = (
				DD0D6EB81E7B0BBD0044C71C /* Debug */,
				DD0D6EB91E7B0BBD0044C71C /* Release */,
			);
			defaultConfigurationIsVisible = 0;
			defaultConfigurationName = Release;
		};
		DD0D6EBA1E7B0BBD0044C71C /* Build configuration list for PBXNativeTarget "Kogi Mobile" */ = {
			isa = XCConfigurationList;
			buildConfigurations = (
				DD0D6EBB1E7B0BBD0044C71C /* Debug */,
				DD0D6EBC1E7B0BBD0044C71C /* Release */,
			);
			defaultConfigurationIsVisible = 0;
		};
/* End XCConfigurationList section */
	};
	rootObject = DD0D6EA01E7B0BBC0044C71C /* Project object */;
}
